
Microsoft Visual Studio Solution File, Format Version 12.00
# Visual Studio Version 17
VisualStudioVersion = 17.13.35931.197
MinimumVisualStudioVersion = 10.0.40219.1
Project("{2150E333-8FDC-42A3-9474-1A3956D46DE8}") = "Services", "Services", "{02EA681E-C7D8-13C7-8484-4AC65E1B71E8}"
EndProject
Project("{2150E333-8FDC-42A3-9474-1A3956D46DE8}") = "Core", "Core", "{3F9B212B-7F6C-49D4-98D9-F5FFC8870688}"
EndProject
Project("{FAE04EC0-301F-11D3-BF4B-00C04F79EFBC}") = "DevXpert.Academy.Core.Domain", "src\DevXpert.Academy.Core.Domain\DevXpert.Academy.Core.Domain.csproj", "{A6760EE9-FCBD-4FC0-B24C-E4BBBDCBFD10}"
EndProject
Project("{FAE04EC0-301F-11D3-BF4B-00C04F79EFBC}") = "DevXpert.Academy.Core.EventSourcing", "src\DevXpert.Academy.Core.EventSourcing\DevXpert.Academy.Core.EventSourcing.csproj", "{2E631F6A-7B28-4F1D-B451-795AD4542A88}"
EndProject
Project("{2150E333-8FDC-42A3-9474-1A3956D46DE8}") = "BuilgindBlocks", "BuilgindBlocks", "{210DFE56-154D-468D-B429-B66F1DB6AEB8}"
EndProject
Project("{2150E333-8FDC-42A3-9474-1A3956D46DE8}") = "WebApi", "WebApi", "{00D2EE15-B6A5-4E26-961B-793EAC01594C}"
	ProjectSection(SolutionItems) = preProject
		FEEDBACK.md = FEEDBACK.md
		README.md = README.md
	EndProjectSection
EndProject
Project("{FAE04EC0-301F-11D3-BF4B-00C04F79EFBC}") = "DevXpert.Academy.API", "src\DevXpert.Academy.API\DevXpert.Academy.API.csproj", "{4636DFD8-2716-4557-A4C1-2372DC409CAD}"
EndProject
Project("{2150E333-8FDC-42A3-9474-1A3956D46DE8}") = "Conteudo", "Conteudo", "{21116F13-79A1-499A-9979-6BD10FCC9088}"
EndProject
Project("{2150E333-8FDC-42A3-9474-1A3956D46DE8}") = "Alunos", "Alunos", "{3DBF97EA-CBCB-4E7D-9A28-974CE813BBB0}"
EndProject
Project("{2150E333-8FDC-42A3-9474-1A3956D46DE8}") = "Financeiro", "Financeiro", "{3E8D04BB-4AAE-400F-B464-13004CFBA048}"
EndProject
Project("{FAE04EC0-301F-11D3-BF4B-00C04F79EFBC}") = "DevXpert.Academy.Conteudo.Domain", "src\DevXpert.Academy.Conteudo.Domain\DevXpert.Academy.Conteudo.Domain.csproj", "{9A9312D1-381B-48D2-9FC0-18592E0D03AD}"
EndProject
Project("{FAE04EC0-301F-11D3-BF4B-00C04F79EFBC}") = "DevXpert.Academy.Conteudo.Data", "src\DevXpert.Academy.Conteudo.Data\DevXpert.Academy.Conteudo.Data.csproj", "{A8EB9F0D-35AB-4579-BB08-AAB48307CC49}"
EndProject
Project("{FAE04EC0-301F-11D3-BF4B-00C04F79EFBC}") = "DevXpert.Academy.Alunos.Domain", "src\DevXpert.Academy.Alunos.Domain\DevXpert.Academy.Alunos.Domain.csproj", "{09C87C34-4E6A-4A99-B74C-88B53E0C0EB4}"
EndProject
Project("{FAE04EC0-301F-11D3-BF4B-00C04F79EFBC}") = "DevXpert.Academy.Alunos.Data", "src\DevXpert.Academy.Alunos.Data\DevXpert.Academy.Alunos.Data.csproj", "{4A235546-D094-46AC-B7FB-833C368D5C61}"
EndProject
Project("{FAE04EC0-301F-11D3-BF4B-00C04F79EFBC}") = "DevXpert.Academy.Financeiro.Domain", "src\DevXpert.Academy.Financeiro.Domain\DevXpert.Academy.Financeiro.Domain.csproj", "{8383B055-2B8B-47D8-A2FB-E11818325EAB}"
EndProject
Project("{FAE04EC0-301F-11D3-BF4B-00C04F79EFBC}") = "DevXpert.Academy.Financeiro.Data", "src\DevXpert.Academy.Financeiro.Data\DevXpert.Academy.Financeiro.Data.csproj", "{0BEE25B9-15B7-400B-876A-630C86F719A3}"
EndProject
Project("{FAE04EC0-301F-11D3-BF4B-00C04F79EFBC}") = "DevXpert.Academy.Financeiro.AntiCorruption", "src\DevXpert.Academy.Financeiro.AntiCorruption\DevXpert.Academy.Financeiro.AntiCorruption.csproj", "{7FF0A60F-3861-4417-95F8-AD2E498B48C7}"
EndProject
Project("{FAE04EC0-301F-11D3-BF4B-00C04F79EFBC}") = "DevXpert.Academy.Alunos.Domain.Tests", "tests\DevXpert.Academy.Alunos.Domain.Tests\DevXpert.Academy.Alunos.Domain.Tests.csproj", "{9F74E614-8904-43CB-AAFD-8C72DB423EF1}"
EndProject
Project("{FAE04EC0-301F-11D3-BF4B-00C04F79EFBC}") = "DevXpert.Academy.Conteudo.Domain.Tests", "tests\DevXpert.Academy.Conteudo.Domain.Tests\DevXpert.Academy.Conteudo.Domain.Tests.csproj", "{1E34920F-4C39-480C-8EF3-AEACB5EB570A}"
EndProject
Project("{FAE04EC0-301F-11D3-BF4B-00C04F79EFBC}") = "DevXpert.Academy.Financeiro.Domain.Tests", "tests\DevXpert.Academy.Financeiro.Domain.Tests\DevXpert.Academy.Financeiro.Domain.Tests.csproj", "{A42C3972-F170-439A-8230-75D1670A6D11}"
EndProject
Project("{FAE04EC0-301F-11D3-BF4B-00C04F79EFBC}") = "DevXpert.Academy.Financeiro.AntiCorruption.Tests", "tests\DevXpert.Academy.Financeiro.AntiCorruption.Tests\DevXpert.Academy.Financeiro.AntiCorruption.Tests.csproj", "{82F885D6-CA90-417A-9D70-30C39E1CEFE5}"
EndProject
Project("{2150E333-8FDC-42A3-9474-1A3956D46DE8}") = "Tests", "Tests", "{2C646804-ABC4-4F82-8D47-8F2DC3F971FC}"
EndProject
Project("{2150E333-8FDC-42A3-9474-1A3956D46DE8}") = "Tests", "Tests", "{8EBDBF2A-84C1-4E2A-80E2-6C34AE9AE15F}"
EndProject
Project("{2150E333-8FDC-42A3-9474-1A3956D46DE8}") = "Tests", "Tests", "{5E6995C7-E7C7-404D-8CD8-8FD3F9AF5B9A}"
EndProject
Project("{FAE04EC0-301F-11D3-BF4B-00C04F79EFBC}") = "DevXpert.Academy.Core.Data", "src\DevXpert.Academy.Core.Data\DevXpert.Academy.Core.Data.csproj", "{881BADC7-269E-42C4-B1E2-3D850127D313}"
EndProject
Project("{FAE04EC0-301F-11D3-BF4B-00C04F79EFBC}") = "DevXpert.Academy.API.Tests", "tests\DevXpert.Academy.API.Tests\DevXpert.Academy.API.Tests.csproj", "{CABCD317-EF38-4110-8D22-35A9F2DC6274}"
EndProject
Project("{2150E333-8FDC-42A3-9474-1A3956D46DE8}") = "IntegrationTests", "IntegrationTests", "{5B7CBA49-EC1A-4034-860A-10AFCD248905}"
EndProject
Project("{2150E333-8FDC-42A3-9474-1A3956D46DE8}") = "Solution Items", "Solution Items", "{8EC462FD-D22E-90A8-E5CE-7E832BA40C5D}"
EndProject
Global
	GlobalSection(SolutionConfigurationPlatforms) = preSolution
		Debug|Any CPU = Debug|Any CPU
		Release|Any CPU = Release|Any CPU
	EndGlobalSection
	GlobalSection(ProjectConfigurationPlatforms) = postSolution
		{A6760EE9-FCBD-4FC0-B24C-E4BBBDCBFD10}.Debug|Any CPU.ActiveCfg = Debug|Any CPU
		{A6760EE9-FCBD-4FC0-B24C-E4BBBDCBFD10}.Debug|Any CPU.Build.0 = Debug|Any CPU
		{A6760EE9-FCBD-4FC0-B24C-E4BBBDCBFD10}.Release|Any CPU.ActiveCfg = Release|Any CPU
		{A6760EE9-FCBD-4FC0-B24C-E4BBBDCBFD10}.Release|Any CPU.Build.0 = Release|Any CPU
		{2E631F6A-7B28-4F1D-B451-795AD4542A88}.Debug|Any CPU.ActiveCfg = Debug|Any CPU
		{2E631F6A-7B28-4F1D-B451-795AD4542A88}.Debug|Any CPU.Build.0 = Debug|Any CPU
		{2E631F6A-7B28-4F1D-B451-795AD4542A88}.Release|Any CPU.ActiveCfg = Release|Any CPU
		{2E631F6A-7B28-4F1D-B451-795AD4542A88}.Release|Any CPU.Build.0 = Release|Any CPU
		{4636DFD8-2716-4557-A4C1-2372DC409CAD}.Debug|Any CPU.ActiveCfg = Debug|Any CPU
		{4636DFD8-2716-4557-A4C1-2372DC409CAD}.Debug|Any CPU.Build.0 = Debug|Any CPU
		{4636DFD8-2716-4557-A4C1-2372DC409CAD}.Release|Any CPU.ActiveCfg = Release|Any CPU
		{4636DFD8-2716-4557-A4C1-2372DC409CAD}.Release|Any CPU.Build.0 = Release|Any CPU
		{9A9312D1-381B-48D2-9FC0-18592E0D03AD}.Debug|Any CPU.ActiveCfg = Debug|Any CPU
		{9A9312D1-381B-48D2-9FC0-18592E0D03AD}.Debug|Any CPU.Build.0 = Debug|Any CPU
		{9A9312D1-381B-48D2-9FC0-18592E0D03AD}.Release|Any CPU.ActiveCfg = Release|Any CPU
		{9A9312D1-381B-48D2-9FC0-18592E0D03AD}.Release|Any CPU.Build.0 = Release|Any CPU
		{A8EB9F0D-35AB-4579-BB08-AAB48307CC49}.Debug|Any CPU.ActiveCfg = Debug|Any CPU
		{A8EB9F0D-35AB-4579-BB08-AAB48307CC49}.Debug|Any CPU.Build.0 = Debug|Any CPU
		{A8EB9F0D-35AB-4579-BB08-AAB48307CC49}.Release|Any CPU.ActiveCfg = Release|Any CPU
		{A8EB9F0D-35AB-4579-BB08-AAB48307CC49}.Release|Any CPU.Build.0 = Release|Any CPU
		{09C87C34-4E6A-4A99-B74C-88B53E0C0EB4}.Debug|Any CPU.ActiveCfg = Debug|Any CPU
		{09C87C34-4E6A-4A99-B74C-88B53E0C0EB4}.Debug|Any CPU.Build.0 = Debug|Any CPU
		{09C87C34-4E6A-4A99-B74C-88B53E0C0EB4}.Release|Any CPU.ActiveCfg = Release|Any CPU
		{09C87C34-4E6A-4A99-B74C-88B53E0C0EB4}.Release|Any CPU.Build.0 = Release|Any CPU
		{4A235546-D094-46AC-B7FB-833C368D5C61}.Debug|Any CPU.ActiveCfg = Debug|Any CPU
		{4A235546-D094-46AC-B7FB-833C368D5C61}.Debug|Any CPU.Build.0 = Debug|Any CPU
		{4A235546-D094-46AC-B7FB-833C368D5C61}.Release|Any CPU.ActiveCfg = Release|Any CPU
		{4A235546-D094-46AC-B7FB-833C368D5C61}.Release|Any CPU.Build.0 = Release|Any CPU
		{8383B055-2B8B-47D8-A2FB-E11818325EAB}.Debug|Any CPU.ActiveCfg = Debug|Any CPU
		{8383B055-2B8B-47D8-A2FB-E11818325EAB}.Debug|Any CPU.Build.0 = Debug|Any CPU
		{8383B055-2B8B-47D8-A2FB-E11818325EAB}.Release|Any CPU.ActiveCfg = Release|Any CPU
		{8383B055-2B8B-47D8-A2FB-E11818325EAB}.Release|Any CPU.Build.0 = Release|Any CPU
		{0BEE25B9-15B7-400B-876A-630C86F719A3}.Debug|Any CPU.ActiveCfg = Debug|Any CPU
		{0BEE25B9-15B7-400B-876A-630C86F719A3}.Debug|Any CPU.Build.0 = Debug|Any CPU
		{0BEE25B9-15B7-400B-876A-630C86F719A3}.Release|Any CPU.ActiveCfg = Release|Any CPU
		{0BEE25B9-15B7-400B-876A-630C86F719A3}.Release|Any CPU.Build.0 = Release|Any CPU
		{7FF0A60F-3861-4417-95F8-AD2E498B48C7}.Debug|Any CPU.ActiveCfg = Debug|Any CPU
		{7FF0A60F-3861-4417-95F8-AD2E498B48C7}.Debug|Any CPU.Build.0 = Debug|Any CPU
		{7FF0A60F-3861-4417-95F8-AD2E498B48C7}.Release|Any CPU.ActiveCfg = Release|Any CPU
		{7FF0A60F-3861-4417-95F8-AD2E498B48C7}.Release|Any CPU.Build.0 = Release|Any CPU
		{9F74E614-8904-43CB-AAFD-8C72DB423EF1}.Debug|Any CPU.ActiveCfg = Debug|Any CPU
		{9F74E614-8904-43CB-AAFD-8C72DB423EF1}.Debug|Any CPU.Build.0 = Debug|Any CPU
		{9F74E614-8904-43CB-AAFD-8C72DB423EF1}.Release|Any CPU.ActiveCfg = Release|Any CPU
		{9F74E614-8904-43CB-AAFD-8C72DB423EF1}.Release|Any CPU.Build.0 = Release|Any CPU
		{1E34920F-4C39-480C-8EF3-AEACB5EB570A}.Debug|Any CPU.ActiveCfg = Debug|Any CPU
		{1E34920F-4C39-480C-8EF3-AEACB5EB570A}.Debug|Any CPU.Build.0 = Debug|Any CPU
		{1E34920F-4C39-480C-8EF3-AEACB5EB570A}.Release|Any CPU.ActiveCfg = Release|Any CPU
		{1E34920F-4C39-480C-8EF3-AEACB5EB570A}.Release|Any CPU.Build.0 = Release|Any CPU
		{A42C3972-F170-439A-8230-75D1670A6D11}.Debug|Any CPU.ActiveCfg = Debug|Any CPU
		{A42C3972-F170-439A-8230-75D1670A6D11}.Debug|Any CPU.Build.0 = Debug|Any CPU
		{A42C3972-F170-439A-8230-75D1670A6D11}.Release|Any CPU.ActiveCfg = Release|Any CPU
		{A42C3972-F170-439A-8230-75D1670A6D11}.Release|Any CPU.Build.0 = Release|Any CPU
		{82F885D6-CA90-417A-9D70-30C39E1CEFE5}.Debug|Any CPU.ActiveCfg = Debug|Any CPU
		{82F885D6-CA90-417A-9D70-30C39E1CEFE5}.Debug|Any CPU.Build.0 = Debug|Any CPU
		{82F885D6-CA90-417A-9D70-30C39E1CEFE5}.Release|Any CPU.ActiveCfg = Release|Any CPU
		{82F885D6-CA90-417A-9D70-30C39E1CEFE5}.Release|Any CPU.Build.0 = Release|Any CPU
		{881BADC7-269E-42C4-B1E2-3D850127D313}.Debug|Any CPU.ActiveCfg = Debug|Any CPU
		{881BADC7-269E-42C4-B1E2-3D850127D313}.Debug|Any CPU.Build.0 = Debug|Any CPU
		{881BADC7-269E-42C4-B1E2-3D850127D313}.Release|Any CPU.ActiveCfg = Release|Any CPU
		{881BADC7-269E-42C4-B1E2-3D850127D313}.Release|Any CPU.Build.0 = Release|Any CPU
		{CABCD317-EF38-4110-8D22-35A9F2DC6274}.Debug|Any CPU.ActiveCfg = Debug|Any CPU
		{CABCD317-EF38-4110-8D22-35A9F2DC6274}.Debug|Any CPU.Build.0 = Debug|Any CPU
		{CABCD317-EF38-4110-8D22-35A9F2DC6274}.Release|Any CPU.ActiveCfg = Release|Any CPU
		{CABCD317-EF38-4110-8D22-35A9F2DC6274}.Release|Any CPU.Build.0 = Release|Any CPU
	EndGlobalSection
	GlobalSection(SolutionProperties) = preSolution
		HideSolutionNode = FALSE
	EndGlobalSection
	GlobalSection(NestedProjects) = preSolution
		{3F9B212B-7F6C-49D4-98D9-F5FFC8870688} = {02EA681E-C7D8-13C7-8484-4AC65E1B71E8}
		{A6760EE9-FCBD-4FC0-B24C-E4BBBDCBFD10} = {3F9B212B-7F6C-49D4-98D9-F5FFC8870688}
		{2E631F6A-7B28-4F1D-B451-795AD4542A88} = {210DFE56-154D-468D-B429-B66F1DB6AEB8}
		{4636DFD8-2716-4557-A4C1-2372DC409CAD} = {00D2EE15-B6A5-4E26-961B-793EAC01594C}
		{21116F13-79A1-499A-9979-6BD10FCC9088} = {02EA681E-C7D8-13C7-8484-4AC65E1B71E8}
		{3DBF97EA-CBCB-4E7D-9A28-974CE813BBB0} = {02EA681E-C7D8-13C7-8484-4AC65E1B71E8}
		{3E8D04BB-4AAE-400F-B464-13004CFBA048} = {02EA681E-C7D8-13C7-8484-4AC65E1B71E8}
		{9A9312D1-381B-48D2-9FC0-18592E0D03AD} = {21116F13-79A1-499A-9979-6BD10FCC9088}
		{A8EB9F0D-35AB-4579-BB08-AAB48307CC49} = {21116F13-79A1-499A-9979-6BD10FCC9088}
		{09C87C34-4E6A-4A99-B74C-88B53E0C0EB4} = {3DBF97EA-CBCB-4E7D-9A28-974CE813BBB0}
		{4A235546-D094-46AC-B7FB-833C368D5C61} = {3DBF97EA-CBCB-4E7D-9A28-974CE813BBB0}
		{8383B055-2B8B-47D8-A2FB-E11818325EAB} = {3E8D04BB-4AAE-400F-B464-13004CFBA048}
		{0BEE25B9-15B7-400B-876A-630C86F719A3} = {3E8D04BB-4AAE-400F-B464-13004CFBA048}
		{7FF0A60F-3861-4417-95F8-AD2E498B48C7} = {3E8D04BB-4AAE-400F-B464-13004CFBA048}
		{9F74E614-8904-43CB-AAFD-8C72DB423EF1} = {2C646804-ABC4-4F82-8D47-8F2DC3F971FC}
		{1E34920F-4C39-480C-8EF3-AEACB5EB570A} = {8EBDBF2A-84C1-4E2A-80E2-6C34AE9AE15F}
		{A42C3972-F170-439A-8230-75D1670A6D11} = {5E6995C7-E7C7-404D-8CD8-8FD3F9AF5B9A}
		{82F885D6-CA90-417A-9D70-30C39E1CEFE5} = {5E6995C7-E7C7-404D-8CD8-8FD3F9AF5B9A}
		{2C646804-ABC4-4F82-8D47-8F2DC3F971FC} = {3DBF97EA-CBCB-4E7D-9A28-974CE813BBB0}
		{8EBDBF2A-84C1-4E2A-80E2-6C34AE9AE15F} = {21116F13-79A1-499A-9979-6BD10FCC9088}
		{5E6995C7-E7C7-404D-8CD8-8FD3F9AF5B9A} = {3E8D04BB-4AAE-400F-B464-13004CFBA048}
		{881BADC7-269E-42C4-B1E2-3D850127D313} = {3F9B212B-7F6C-49D4-98D9-F5FFC8870688}
		{CABCD317-EF38-4110-8D22-35A9F2DC6274} = {5B7CBA49-EC1A-4034-860A-10AFCD248905}
		{5B7CBA49-EC1A-4034-860A-10AFCD248905} = {00D2EE15-B6A5-4E26-961B-793EAC01594C}
	EndGlobalSection
	GlobalSection(ExtensibilityGlobals) = postSolution
		SolutionGuid = {EFFAA9C6-4A0D-4C3E-9232-B0F8B8F13085}
	EndGlobalSection
EndGlobal
